
Microsoft Visual Studio Solution File, Format Version 12.00
# Visual Studio Version 16
VisualStudioVersion = 16.0.31005.135
MinimumVisualStudioVersion = 10.0.40219.1
Project("{FAE04EC0-301F-11D3-BF4B-00C04F79EFBC}") = "MyFinalProject", "MyFinalProject\MyFinalProject.csproj", "{32888D8A-8C96-4923-B6F4-2699C61C2FD1}"
EndProject
Global
	GlobalSection(SolutionConfigurationPlatforms) = preSolution
		Debug|Any CPU = Debug|Any CPU
		Release|Any CPU = Release|Any CPU
	EndGlobalSection
	GlobalSection(ProjectConfigurationPlatforms) = postSolution
		{32888D8A-8C96-4923-B6F4-2699C61C2FD1}.Debug|Any CPU.ActiveCfg = Debug|Any CPU
		{32888D8A-8C96-4923-B6F4-2699C61C2FD1}.Debug|Any CPU.Build.0 = Debug|Any CPU
		{32888D8A-8C96-4923-B6F4-2699C61C2FD1}.Release|Any CPU.ActiveCfg = Release|Any CPU
		{32888D8A-8C96-4923-B6F4-2699C61C2FD1}.Release|Any CPU.Build.0 = Release|Any CPU
	EndGlobalSection
	GlobalSection(SolutionProperties) = preSolution
		HideSolutionNode = FALSE
	EndGlobalSection
	GlobalSection(ExtensibilityGlobals) = postSolution
		SolutionGuid = {799F0819-87B5-46C2-97DB-E003A95C58C9}
	EndGlobalSection
EndGlobal
